
Microsoft Visual Studio Solution File, Format Version 12.00
# Visual Studio Version 16
VisualStudioVersion = 16.0.30503.244
MinimumVisualStudioVersion = 10.0.40219.1
Project("{FAE04EC0-301F-11D3-BF4B-00C04F79EFBC}") = "User_Test", "User_Test.csproj", "{71FAA828-8CF9-4B48-8311-70EDABC67EDA}"
EndProject
Global
	GlobalSection(SolutionConfigurationPlatforms) = preSolution
		Debug|Any CPU = Debug|Any CPU
		Release|Any CPU = Release|Any CPU
	EndGlobalSection
	GlobalSection(ProjectConfigurationPlatforms) = postSolution
		{71FAA828-8CF9-4B48-8311-70EDABC67EDA}.Debug|Any CPU.ActiveCfg = Debug|Any CPU
		{71FAA828-8CF9-4B48-8311-70EDABC67EDA}.Debug|Any CPU.Build.0 = Debug|Any CPU
		{71FAA828-8CF9-4B48-8311-70EDABC67EDA}.Release|Any CPU.ActiveCfg = Release|Any CPU
		{71FAA828-8CF9-4B48-8311-70EDABC67EDA}.Release|Any CPU.Build.0 = Release|Any CPU
	EndGlobalSection
	GlobalSection(SolutionProperties) = preSolution
		HideSolutionNode = FALSE
	EndGlobalSection
	GlobalSection(ExtensibilityGlobals) = postSolution
		SolutionGuid = {C6C54A53-F10F-47F2-BB9F-8CF6912A5511}
	EndGlobalSection
EndGlobal
